
Microsoft Visual Studio Solution File, Format Version 12.00
# Visual Studio Version 17
VisualStudioVersion = 17.3.32922.545
MinimumVisualStudioVersion = 10.0.40219.1
Project("{9A19103F-16F7-4668-BE54-9A1E7A4F7556}") = "LearnLink", "LearnLink\LearnLink.csproj", "{4406FDB5-C70A-4623-9799-B983B6F183D1}"
EndProject
Global
	GlobalSection(SolutionConfigurationPlatforms) = preSolution
		Debug|Any CPU = Debug|Any CPU
		Release|Any CPU = Release|Any CPU
	EndGlobalSection
	GlobalSection(ProjectConfigurationPlatforms) = postSolution
		{4406FDB5-C70A-4623-9799-B983B6F183D1}.Debug|Any CPU.ActiveCfg = Debug|Any CPU
		{4406FDB5-C70A-4623-9799-B983B6F183D1}.Debug|Any CPU.Build.0 = Debug|Any CPU
		{4406FDB5-C70A-4623-9799-B983B6F183D1}.Release|Any CPU.ActiveCfg = Release|Any CPU
		{4406FDB5-C70A-4623-9799-B983B6F183D1}.Release|Any CPU.Build.0 = Release|Any CPU
	EndGlobalSection
	GlobalSection(SolutionProperties) = preSolution
		HideSolutionNode = FALSE
	EndGlobalSection
	GlobalSection(ExtensibilityGlobals) = postSolution
		SolutionGuid = {F9D26370-0977-426D-97E6-F4C95CD8FC48}
	EndGlobalSection
EndGlobal
